
Microsoft Visual Studio Solution File, Format Version 12.00
# Visual Studio Version 16
VisualStudioVersion = 16.0.32126.315
MinimumVisualStudioVersion = 10.0.40219.1
Project("{FAE04EC0-301F-11D3-BF4B-00C04F79EFBC}") = "CICDMVCDemo", "CICDMVCDemo\CICDMVCDemo.csproj", "{96D76619-2F02-45C3-8E40-A307285BB68E}"
EndProject
Global
	GlobalSection(SolutionConfigurationPlatforms) = preSolution
		Debug|Any CPU = Debug|Any CPU
		Release|Any CPU = Release|Any CPU
	EndGlobalSection
	GlobalSection(ProjectConfigurationPlatforms) = postSolution
		{96D76619-2F02-45C3-8E40-A307285BB68E}.Debug|Any CPU.ActiveCfg = Debug|Any CPU
		{96D76619-2F02-45C3-8E40-A307285BB68E}.Debug|Any CPU.Build.0 = Debug|Any CPU
		{96D76619-2F02-45C3-8E40-A307285BB68E}.Release|Any CPU.ActiveCfg = Release|Any CPU
		{96D76619-2F02-45C3-8E40-A307285BB68E}.Release|Any CPU.Build.0 = Release|Any CPU
	EndGlobalSection
	GlobalSection(SolutionProperties) = preSolution
		HideSolutionNode = FALSE
	EndGlobalSection
	GlobalSection(ExtensibilityGlobals) = postSolution
		SolutionGuid = {974ED8C3-A59D-4309-815B-E79B5D0B3836}
	EndGlobalSection
EndGlobal
